// !$*UTF8*$!
{
	archiveVersion = 1;
	classes = {
	};
	objectVersion = 46;
	objects = {

/* Begin PBXBuildFile section */
		5224C8DA15F96661002A6C76 /* DiffuseLightmapBumpSpecular.fs in Resources */ = {isa = PBXBuildFile; fileRef = 5224C8D915F96661002A6C76 /* DiffuseLightmapBumpSpecular.fs */; };
		5224C8E615FA4F18002A6C76 /* GLLDirectionalLight.m in Sources */ = {isa = PBXBuildFile; fileRef = 5224C8E515FA4F18002A6C76 /* GLLDirectionalLight.m */; };
		5224C8EB15FA5F33002A6C76 /* GLLLightView.xib in Resources */ = {isa = PBXBuildFile; fileRef = 5224C8EA15FA5F33002A6C76 /* GLLLightView.xib */; };
		5224C8EE15FA8FB0002A6C76 /* GLLAngleRangeValueTransformer.m in Sources */ = {isa = PBXBuildFile; fileRef = 5224C8ED15FA8FB0002A6C76 /* GLLAngleRangeValueTransformer.m */; };
		5224C8F015FABC92002A6C76 /* Accelerate.framework in Frameworks */ = {isa = PBXBuildFile; fileRef = 5224C8EF15FABC92002A6C76 /* Accelerate.framework */; };
		525ACD4C15F0F1A700534E7D /* Cocoa.framework in Frameworks */ = {isa = PBXBuildFile; fileRef = 525ACD4B15F0F1A700534E7D /* Cocoa.framework */; };
		525ACD5615F0F1A700534E7D /* InfoPlist.strings in Resources */ = {isa = PBXBuildFile; fileRef = 525ACD5415F0F1A700534E7D /* InfoPlist.strings */; };
		525ACD5815F0F1A700534E7D /* main.m in Sources */ = {isa = PBXBuildFile; fileRef = 525ACD5715F0F1A700534E7D /* main.m */; };
		525ACD5C15F0F1A700534E7D /* Credits.rtf in Resources */ = {isa = PBXBuildFile; fileRef = 525ACD5A15F0F1A700534E7D /* Credits.rtf */; };
		525ACD5F15F0F1A700534E7D /* GLLDocument.m in Sources */ = {isa = PBXBuildFile; fileRef = 525ACD5E15F0F1A700534E7D /* GLLDocument.m */; };
		525ACD6215F0F1A700534E7D /* GLLDocument.xib in Resources */ = {isa = PBXBuildFile; fileRef = 525ACD6015F0F1A700534E7D /* GLLDocument.xib */; };
		525ACD6515F0F1A700534E7D /* MainMenu.xib in Resources */ = {isa = PBXBuildFile; fileRef = 525ACD6315F0F1A700534E7D /* MainMenu.xib */; };
		525ACD6D15F0F1A700534E7D /* SenTestingKit.framework in Frameworks */ = {isa = PBXBuildFile; fileRef = 525ACD6C15F0F1A700534E7D /* SenTestingKit.framework */; };
		525ACD6E15F0F1A700534E7D /* Cocoa.framework in Frameworks */ = {isa = PBXBuildFile; fileRef = 525ACD4B15F0F1A700534E7D /* Cocoa.framework */; };
		525ACD7615F0F1A700534E7D /* InfoPlist.strings in Resources */ = {isa = PBXBuildFile; fileRef = 525ACD7415F0F1A700534E7D /* InfoPlist.strings */; };
		525ACD7915F0F1A700534E7D /* GLLaraTests.m in Sources */ = {isa = PBXBuildFile; fileRef = 525ACD7815F0F1A700534E7D /* GLLaraTests.m */; };
		525ACD8415F0F33700534E7D /* GLLModel.m in Sources */ = {isa = PBXBuildFile; fileRef = 525ACD8315F0F33700534E7D /* GLLModel.m */; };
		525ACD8715F0F3ED00534E7D /* GLLMesh.m in Sources */ = {isa = PBXBuildFile; fileRef = 525ACD8615F0F3ED00534E7D /* GLLMesh.m */; };
		52919A1515FDF0A7004ACBA5 /* cameratemplate.pdf in Resources */ = {isa = PBXBuildFile; fileRef = 52919A1415FDF0A7004ACBA5 /* cameratemplate.pdf */; };
		5291DB8215FBB33400ECDBCA /* MetallicBump3.fs in Resources */ = {isa = PBXBuildFile; fileRef = 5291DB8115FBB33300ECDBCA /* MetallicBump3.fs */; };
		5291DB9115FBE51600ECDBCA /* Metallic.fs in Resources */ = {isa = PBXBuildFile; fileRef = 5291DB9015FBE51600ECDBCA /* Metallic.fs */; };
		5291DB9415FBF7BE00ECDBCA /* GLLAmbientLight.m in Sources */ = {isa = PBXBuildFile; fileRef = 5291DB9315FBF7BD00ECDBCA /* GLLAmbientLight.m */; };
		5291DB9915FBF97000ECDBCA /* GLLAmbientLightView.xib in Resources */ = {isa = PBXBuildFile; fileRef = 5291DB9715FBF97000ECDBCA /* GLLAmbientLightView.xib */; };
		529692CC15F1568200DF2FA3 /* TRInDataStream.m in Sources */ = {isa = PBXBuildFile; fileRef = 529692C915F1568200DF2FA3 /* TRInDataStream.m */; };
		529692CD15F1568200DF2FA3 /* TROutDataStream.m in Sources */ = {isa = PBXBuildFile; fileRef = 529692CB15F1568200DF2FA3 /* TROutDataStream.m */; };
		529692D115F2374F00DF2FA3 /* libz.dylib in Frameworks */ = {isa = PBXBuildFile; fileRef = 529692D015F2374F00DF2FA3 /* libz.dylib */; };
		529692D415F24EF100DF2FA3 /* GLLBone.m in Sources */ = {isa = PBXBuildFile; fileRef = 529692D315F24EF100DF2FA3 /* GLLBone.m */; };
		529692DA15F2625200DF2FA3 /* GLLItem.m in Sources */ = {isa = PBXBuildFile; fileRef = 529692D915F2625200DF2FA3 /* GLLItem.m */; };
		529692DD15F2759400DF2FA3 /* GLLBoneTransformation.m in Sources */ = {isa = PBXBuildFile; fileRef = 529692DC15F2759400DF2FA3 /* GLLBoneTransformation.m */; };
		529692E315F2861E00DF2FA3 /* GLLMeshDrawer.m in Sources */ = {isa = PBXBuildFile; fileRef = 529692E215F2861E00DF2FA3 /* GLLMeshDrawer.m */; };
		529692E615F289EB00DF2FA3 /* OpenGL.framework in Frameworks */ = {isa = PBXBuildFile; fileRef = 529692E515F289EB00DF2FA3 /* OpenGL.framework */; };
		529692E915F28BFB00DF2FA3 /* GLLTexture.m in Sources */ = {isa = PBXBuildFile; fileRef = 529692E815F28BFB00DF2FA3 /* GLLTexture.m */; };
		529692F015F28D0F00DF2FA3 /* OpenDDSFile.c in Sources */ = {isa = PBXBuildFile; fileRef = 529692EF15F28D0F00DF2FA3 /* OpenDDSFile.c */; };
		529693F215F2A77F00DF2FA3 /* GLLModelParams.m in Sources */ = {isa = PBXBuildFile; fileRef = 529693F115F2A77E00DF2FA3 /* GLLModelParams.m */; };
		529693F515F2B58B00DF2FA3 /* GLLASCIIScanner.m in Sources */ = {isa = PBXBuildFile; fileRef = 529693F415F2B58B00DF2FA3 /* GLLASCIIScanner.m */; };
		529693F815F2D02900DF2FA3 /* xnaLaraDefault.modelparams.plist in Resources */ = {isa = PBXBuildFile; fileRef = 529693F715F2D02900DF2FA3 /* xnaLaraDefault.modelparams.plist */; };
		529693FA15F36DDB00DF2FA3 /* lara.modelparams.plist in Resources */ = {isa = PBXBuildFile; fileRef = 529693F915F36DDB00DF2FA3 /* lara.modelparams.plist */; };
		529693FE15F37AAF00DF2FA3 /* lara_dlc_bikini_blue.modelparams.plist in Resources */ = {isa = PBXBuildFile; fileRef = 529693FD15F37AAF00DF2FA3 /* lara_dlc_bikini_blue.modelparams.plist */; };
		5296940115F3881B00DF2FA3 /* GLLProgram.m in Sources */ = {isa = PBXBuildFile; fileRef = 5296940015F3881B00DF2FA3 /* GLLProgram.m */; };
		5296940415F3893200DF2FA3 /* GLLShader.m in Sources */ = {isa = PBXBuildFile; fileRef = 5296940315F3893200DF2FA3 /* GLLShader.m */; };
		5296942415F411CC00DF2FA3 /* GLLModelDrawer.m in Sources */ = {isa = PBXBuildFile; fileRef = 5296942315F411CC00DF2FA3 /* GLLModelDrawer.m */; };
		5296942815F4139300DF2FA3 /* GLLItemDrawer.m in Sources */ = {isa = PBXBuildFile; fileRef = 5296942715F4139300DF2FA3 /* GLLItemDrawer.m */; };
		5296942B15F4174F00DF2FA3 /* GLLSceneDrawer.m in Sources */ = {isa = PBXBuildFile; fileRef = 5296942A15F4174F00DF2FA3 /* GLLSceneDrawer.m */; };
		5296943515F421D900DF2FA3 /* simd_matrix.c in Sources */ = {isa = PBXBuildFile; fileRef = 5296942F15F421D900DF2FA3 /* simd_matrix.c */; };
		5296943615F421D900DF2FA3 /* simd_project.c in Sources */ = {isa = PBXBuildFile; fileRef = 5296943115F421D900DF2FA3 /* simd_project.c */; };
		5296943A15F4CC3400DF2FA3 /* GLLMeshSplitter.m in Sources */ = {isa = PBXBuildFile; fileRef = 5296943915F4CC3200DF2FA3 /* GLLMeshSplitter.m */; };
		5296944015F5383F00DF2FA3 /* Basic.vs in Resources */ = {isa = PBXBuildFile; fileRef = 5296940615F3919A00DF2FA3 /* Basic.vs */; };
		5296944115F5384100DF2FA3 /* Bump.vs in Resources */ = {isa = PBXBuildFile; fileRef = 5296940D15F3935E00DF2FA3 /* Bump.vs */; };
		5296944215F5384300DF2FA3 /* Diffuse.fs in Resources */ = {isa = PBXBuildFile; fileRef = 5296941615F3EC9B00DF2FA3 /* Diffuse.fs */; };
		5296944315F5384500DF2FA3 /* DiffuseLightmap.fs in Resources */ = {isa = PBXBuildFile; fileRef = 5296941415F3E7A000DF2FA3 /* DiffuseLightmap.fs */; };
		5296944415F5384800DF2FA3 /* DiffuseBump.fs in Resources */ = {isa = PBXBuildFile; fileRef = 5296941815F3ED3D00DF2FA3 /* DiffuseBump.fs */; };
		5296944515F5385000DF2FA3 /* DiffuseLightmapBump.fs in Resources */ = {isa = PBXBuildFile; fileRef = 5296941A15F4049B00DF2FA3 /* DiffuseLightmapBump.fs */; };
		5296944615F5385400DF2FA3 /* DiffuseLightmapBump3.fs in Resources */ = {isa = PBXBuildFile; fileRef = 5296941C15F4063500DF2FA3 /* DiffuseLightmapBump3.fs */; };
		5296944915F565D100DF2FA3 /* GLLResourceManager.m in Sources */ = {isa = PBXBuildFile; fileRef = 5296944815F565D100DF2FA3 /* GLLResourceManager.m */; };
		5296945415F60F3E00DF2FA3 /* GLLView.m in Sources */ = {isa = PBXBuildFile; fileRef = 5296945315F60F3C00DF2FA3 /* GLLView.m */; };
		5296945A15F6C84900DF2FA3 /* GLLShaderDescriptor.m in Sources */ = {isa = PBXBuildFile; fileRef = 5296945915F6C84900DF2FA3 /* GLLShaderDescriptor.m */; };
		5296946515F7B28300DF2FA3 /* GLLRenderWindowController.m in Sources */ = {isa = PBXBuildFile; fileRef = 5296946315F7B28300DF2FA3 /* GLLRenderWindowController.m */; };
		5296946615F7B28300DF2FA3 /* GLLRenderWindowController.xib in Resources */ = {isa = PBXBuildFile; fileRef = 5296946415F7B28300DF2FA3 /* GLLRenderWindowController.xib */; };
		5296946915F7DAA300DF2FA3 /* GLLDocumentWindowController.m in Sources */ = {isa = PBXBuildFile; fileRef = 5296946815F7DAA300DF2FA3 /* GLLDocumentWindowController.m */; };
		5296947315F7FB3300DF2FA3 /* GLLMeshSettings.m in Sources */ = {isa = PBXBuildFile; fileRef = 5296947215F7FB3200DF2FA3 /* GLLMeshSettings.m */; };
		5296947815F80F4800DF2FA3 /* GLLBoneTransformViewController.m in Sources */ = {isa = PBXBuildFile; fileRef = 5296947615F80F4500DF2FA3 /* GLLBoneTransformViewController.m */; };
		52AF114D15FCB2D200DF2565 /* GLLWindowSettingsPopoverView.xib in Resources */ = {isa = PBXBuildFile; fileRef = 52AF114B15FCB2D200DF2565 /* GLLWindowSettingsPopoverView.xib */; };
		52AF115615FCD4A000DF2565 /* GLLCameraTarget.m in Sources */ = {isa = PBXBuildFile; fileRef = 52AF115515FCD4A000DF2565 /* GLLCameraTarget.m */; };
		52BB206815F8275E00937450 /* doppelganger.modelparams.plist in Resources */ = {isa = PBXBuildFile; fileRef = 52BB206715F8275E00937450 /* doppelganger.modelparams.plist */; };
		52BB206A15F82B4200937450 /* Shadeless.fs in Resources */ = {isa = PBXBuildFile; fileRef = 52BB206915F82B4200937450 /* Shadeless.fs */; };
		52BB206C15F82D9A00937450 /* lara_bathing_suit.modelparams.plist in Resources */ = {isa = PBXBuildFile; fileRef = 52BB206B15F82D9A00937450 /* lara_bathing_suit.modelparams.plist */; };
		52BB206E15F830C400937450 /* albino_spider.modelparams.plist in Resources */ = {isa = PBXBuildFile; fileRef = 52BB206D15F830C400937450 /* albino_spider.modelparams.plist */; };
		52BB207015F831C900937450 /* mjolnir.modelparams.plist in Resources */ = {isa = PBXBuildFile; fileRef = 52BB206F15F831C900937450 /* mjolnir.modelparams.plist */; };
		52BB207215F8329000937450 /* motorcycle.modelparams.plist in Resources */ = {isa = PBXBuildFile; fileRef = 52BB207115F8329000937450 /* motorcycle.modelparams.plist */; };
		52BB207415F8334E00937450 /* tiger1.modelparams.plist in Resources */ = {isa = PBXBuildFile; fileRef = 52BB207315F8334E00937450 /* tiger1.modelparams.plist */; };
		52BB217D15F972AB00937450 /* GLLSceneModel.xcdatamodeld in Sources */ = {isa = PBXBuildFile; fileRef = 52BB217B15F972AB00937450 /* GLLSceneModel.xcdatamodeld */; };
		52BB21A215FACF2E00937450 /* croft_manor_hall.modelparams.plist in Resources */ = {isa = PBXBuildFile; fileRef = 52BB21A115FACF2E00937450 /* croft_manor_hall.modelparams.plist */; };
		52BB21A715FAD30000937450 /* StaticBump.vs in Resources */ = {isa = PBXBuildFile; fileRef = 52BB21A615FAD30000937450 /* StaticBump.vs */; };
		52BB21A915FB45B200937450 /* croft_manor_hall_lq.modelparams.plist in Resources */ = {isa = PBXBuildFile; fileRef = 52BB21A815FB45B200937450 /* croft_manor_hall_lq.modelparams.plist */; };
		52BB21AB15FB4C3200937450 /* StaticBasic.vs in Resources */ = {isa = PBXBuildFile; fileRef = 52BB21AA15FB4C3200937450 /* StaticBasic.vs */; };
		52BB21AD15FB4CED00937450 /* ShadelessVertexColor.fs in Resources */ = {isa = PBXBuildFile; fileRef = 52BB21AC15FB4CED00937450 /* ShadelessVertexColor.fs */; };
		52BB21B315FB7A6200937450 /* foliage_tree4.modelparams.plist in Resources */ = {isa = PBXBuildFile; fileRef = 52BB21B215FB7A6200937450 /* foliage_tree4.modelparams.plist */; };
		52BB21B615FB7AE700937450 /* StaticBasic2TexCoords.vs in Resources */ = {isa = PBXBuildFile; fileRef = 52BB21B515FB7AE700937450 /* StaticBasic2TexCoords.vs */; };
		52BB21B815FB7B6E00937450 /* DiffuseLightmap2TexCoords.fs in Resources */ = {isa = PBXBuildFile; fileRef = 52BB21B715FB7B6E00937450 /* DiffuseLightmap2TexCoords.fs */; };
		52BB21BA15FB7D0600937450 /* ship.modelparams.plist in Resources */ = {isa = PBXBuildFile; fileRef = 52BB21B915FB7D0500937450 /* ship.modelparams.plist */; };
		52BB21BC15FB7E4A00937450 /* yacht.modelparams.plist in Resources */ = {isa = PBXBuildFile; fileRef = 52BB21BB15FB7E4900937450 /* yacht.modelparams.plist */; };
		52BB21C815FC732A00937450 /* GLLRenderParameter.m in Sources */ = {isa = PBXBuildFile; fileRef = 52BB21C715FC732800937450 /* GLLRenderParameter.m */; };
		52BB21CA15FC75B500937450 /* RenderParameters.strings in Resources */ = {isa = PBXBuildFile; fileRef = 52BB21C915FC75B500937450 /* RenderParameters.strings */; };
		52BB21CD15FC7B8D00937450 /* GLLRenderParameterDescription.m in Sources */ = {isa = PBXBuildFile; fileRef = 52BB21CC15FC7B8C00937450 /* GLLRenderParameterDescription.m */; };
		52BB21CF15FCA4A000937450 /* amanda_light.modelparams.plist in Resources */ = {isa = PBXBuildFile; fileRef = 52BB21CE15FCA4A000937450 /* amanda_light.modelparams.plist */; };
		52BB21D115FCA6DC00937450 /* amanda_heavy.modelparams.plist in Resources */ = {isa = PBXBuildFile; fileRef = 52BB21D015FCA6DC00937450 /* amanda_heavy.modelparams.plist */; };
		52BB21D715FCE2E200937450 /* lara_dlc_designer_peoples_choice.modelparams.plist in Resources */ = {isa = PBXBuildFile; fileRef = 52BB21D615FCE2E200937450 /* lara_dlc_designer_peoples_choice.modelparams.plist */; };
		52BB21DB15FCF02200937450 /* GLLCamera.m in Sources */ = {isa = PBXBuildFile; fileRef = 52BB21DA15FCF02200937450 /* GLLCamera.m */; };
		52C9F60E15FF1753003272E1 /* GLLItemViewController.m in Sources */ = {isa = PBXBuildFile; fileRef = 52C9F60C15FF1752003272E1 /* GLLItemViewController.m */; };
		52C9F60F15FF1753003272E1 /* GLLItemViewController.xib in Resources */ = {isa = PBXBuildFile; fileRef = 52C9F60D15FF1753003272E1 /* GLLItemViewController.xib */; };
		52D6A09715F8B0F7002A0BB4 /* GLLMeshSettingsViewController.m in Sources */ = {isa = PBXBuildFile; fileRef = 52D6A09515F8B0F7002A0BB4 /* GLLMeshSettingsViewController.m */; };
		52D6A09815F8B0F7002A0BB4 /* GLLMeshSettingsViewController.xib in Resources */ = {isa = PBXBuildFile; fileRef = 52D6A09615F8B0F7002A0BB4 /* GLLMeshSettingsViewController.xib */; };
		52D6A09D15F8BAB0002A0BB4 /* GLLTransformedMeshDrawer.m in Sources */ = {isa = PBXBuildFile; fileRef = 52D6A09C15F8BAB0002A0BB4 /* GLLTransformedMeshDrawer.m */; };
		52D6A0A315F914C3002A0BB4 /* DiffuseLightmapBump3Specular.fs in Resources */ = {isa = PBXBuildFile; fileRef = 52D6A0A215F914C3002A0BB4 /* DiffuseLightmapBump3Specular.fs */; };
		52F2BC3915F8198400E3EE75 /* GLLBoneTransformView.xib in Resources */ = {isa = PBXBuildFile; fileRef = 52F2BC3815F8198400E3EE75 /* GLLBoneTransformView.xib */; };
/* End PBXBuildFile section */

/* Begin PBXContainerItemProxy section */
		525ACD6F15F0F1A700534E7D /* PBXContainerItemProxy */ = {
			isa = PBXContainerItemProxy;
			containerPortal = 525ACD3E15F0F1A700534E7D /* Project object */;
			proxyType = 1;
			remoteGlobalIDString = 525ACD4615F0F1A700534E7D;
			remoteInfo = GLLara;
		};
/* End PBXContainerItemProxy section */

/* Begin PBXFileReference section */
		5224C8D915F96661002A6C76 /* DiffuseLightmapBumpSpecular.fs */ = {isa = PBXFileReference; explicitFileType = sourcecode.glsl; fileEncoding = 4; path = DiffuseLightmapBumpSpecular.fs; sourceTree = "<group>"; };
		5224C8E415FA4F18002A6C76 /* GLLDirectionalLight.h */ = {isa = PBXFileReference; fileEncoding = 4; lastKnownFileType = sourcecode.c.h; path = GLLDirectionalLight.h; sourceTree = "<group>"; };
		5224C8E515FA4F18002A6C76 /* GLLDirectionalLight.m */ = {isa = PBXFileReference; fileEncoding = 4; lastKnownFileType = sourcecode.c.objc; path = GLLDirectionalLight.m; sourceTree = "<group>"; };
		5224C8EA15FA5F33002A6C76 /* GLLLightView.xib */ = {isa = PBXFileReference; fileEncoding = 4; lastKnownFileType = file.xib; path = GLLLightView.xib; sourceTree = "<group>"; };
		5224C8EC15FA8FB0002A6C76 /* GLLAngleRangeValueTransformer.h */ = {isa = PBXFileReference; fileEncoding = 4; lastKnownFileType = sourcecode.c.h; path = GLLAngleRangeValueTransformer.h; sourceTree = "<group>"; };
		5224C8ED15FA8FB0002A6C76 /* GLLAngleRangeValueTransformer.m */ = {isa = PBXFileReference; fileEncoding = 4; lastKnownFileType = sourcecode.c.objc; path = GLLAngleRangeValueTransformer.m; sourceTree = "<group>"; };
		5224C8EF15FABC92002A6C76 /* Accelerate.framework */ = {isa = PBXFileReference; lastKnownFileType = wrapper.framework; name = Accelerate.framework; path = System/Library/Frameworks/Accelerate.framework; sourceTree = SDKROOT; };
		525ACD4715F0F1A700534E7D /* GLLara.app */ = {isa = PBXFileReference; explicitFileType = wrapper.application; includeInIndex = 0; path = GLLara.app; sourceTree = BUILT_PRODUCTS_DIR; };
		525ACD4B15F0F1A700534E7D /* Cocoa.framework */ = {isa = PBXFileReference; lastKnownFileType = wrapper.framework; name = Cocoa.framework; path = System/Library/Frameworks/Cocoa.framework; sourceTree = SDKROOT; };
		525ACD4E15F0F1A700534E7D /* AppKit.framework */ = {isa = PBXFileReference; lastKnownFileType = wrapper.framework; name = AppKit.framework; path = System/Library/Frameworks/AppKit.framework; sourceTree = SDKROOT; };
		525ACD4F15F0F1A700534E7D /* CoreData.framework */ = {isa = PBXFileReference; lastKnownFileType = wrapper.framework; name = CoreData.framework; path = System/Library/Frameworks/CoreData.framework; sourceTree = SDKROOT; };
		525ACD5015F0F1A700534E7D /* Foundation.framework */ = {isa = PBXFileReference; lastKnownFileType = wrapper.framework; name = Foundation.framework; path = System/Library/Frameworks/Foundation.framework; sourceTree = SDKROOT; };
		525ACD5315F0F1A700534E7D /* GLLara-Info.plist */ = {isa = PBXFileReference; lastKnownFileType = text.plist.xml; path = "GLLara-Info.plist"; sourceTree = "<group>"; };
		525ACD5515F0F1A700534E7D /* en */ = {isa = PBXFileReference; lastKnownFileType = text.plist.strings; name = en; path = en.lproj/InfoPlist.strings; sourceTree = "<group>"; };
		525ACD5715F0F1A700534E7D /* main.m */ = {isa = PBXFileReference; lastKnownFileType = sourcecode.c.objc; path = main.m; sourceTree = "<group>"; };
		525ACD5B15F0F1A700534E7D /* en */ = {isa = PBXFileReference; lastKnownFileType = text.rtf; name = en; path = en.lproj/Credits.rtf; sourceTree = "<group>"; };
		525ACD5D15F0F1A700534E7D /* GLLDocument.h */ = {isa = PBXFileReference; lastKnownFileType = sourcecode.c.h; path = GLLDocument.h; sourceTree = "<group>"; };
		525ACD5E15F0F1A700534E7D /* GLLDocument.m */ = {isa = PBXFileReference; lastKnownFileType = sourcecode.c.objc; path = GLLDocument.m; sourceTree = "<group>"; };
		525ACD6115F0F1A700534E7D /* en */ = {isa = PBXFileReference; lastKnownFileType = file.xib; name = en; path = en.lproj/GLLDocument.xib; sourceTree = "<group>"; };
		525ACD6415F0F1A700534E7D /* en */ = {isa = PBXFileReference; lastKnownFileType = file.xib; name = en; path = en.lproj/MainMenu.xib; sourceTree = "<group>"; };
		525ACD6B15F0F1A700534E7D /* GLLaraTests.octest */ = {isa = PBXFileReference; explicitFileType = wrapper.cfbundle; includeInIndex = 0; path = GLLaraTests.octest; sourceTree = BUILT_PRODUCTS_DIR; };
		525ACD6C15F0F1A700534E7D /* SenTestingKit.framework */ = {isa = PBXFileReference; lastKnownFileType = wrapper.framework; name = SenTestingKit.framework; path = Library/Frameworks/SenTestingKit.framework; sourceTree = DEVELOPER_DIR; };
		525ACD7315F0F1A700534E7D /* GLLaraTests-Info.plist */ = {isa = PBXFileReference; lastKnownFileType = text.plist.xml; path = "GLLaraTests-Info.plist"; sourceTree = "<group>"; };
		525ACD7515F0F1A700534E7D /* en */ = {isa = PBXFileReference; lastKnownFileType = text.plist.strings; name = en; path = en.lproj/InfoPlist.strings; sourceTree = "<group>"; };
		525ACD7715F0F1A700534E7D /* GLLaraTests.h */ = {isa = PBXFileReference; lastKnownFileType = sourcecode.c.h; path = GLLaraTests.h; sourceTree = "<group>"; };
		525ACD7815F0F1A700534E7D /* GLLaraTests.m */ = {isa = PBXFileReference; lastKnownFileType = sourcecode.c.objc; path = GLLaraTests.m; sourceTree = "<group>"; };
		525ACD8215F0F33700534E7D /* GLLModel.h */ = {isa = PBXFileReference; fileEncoding = 4; lastKnownFileType = sourcecode.c.h; path = GLLModel.h; sourceTree = "<group>"; };
		525ACD8315F0F33700534E7D /* GLLModel.m */ = {isa = PBXFileReference; fileEncoding = 4; lastKnownFileType = sourcecode.c.objc; path = GLLModel.m; sourceTree = "<group>"; };
		525ACD8515F0F3ED00534E7D /* GLLMesh.h */ = {isa = PBXFileReference; fileEncoding = 4; lastKnownFileType = sourcecode.c.h; path = GLLMesh.h; sourceTree = "<group>"; };
		525ACD8615F0F3ED00534E7D /* GLLMesh.m */ = {isa = PBXFileReference; fileEncoding = 4; lastKnownFileType = sourcecode.c.objc; path = GLLMesh.m; sourceTree = "<group>"; };
		52919A1415FDF0A7004ACBA5 /* cameratemplate.pdf */ = {isa = PBXFileReference; lastKnownFileType = image.pdf; path = cameratemplate.pdf; sourceTree = SOURCE_ROOT; };
		5291DB7F15FB711900ECDBCA /* Model Parameters (english).md */ = {isa = PBXFileReference; lastKnownFileType = text; path = "Model Parameters (english).md"; sourceTree = "<group>"; };
		5291DB8115FBB33300ECDBCA /* MetallicBump3.fs */ = {isa = PBXFileReference; explicitFileType = sourcecode.glsl; fileEncoding = 4; path = MetallicBump3.fs; sourceTree = "<group>"; };
		5291DB9015FBE51600ECDBCA /* Metallic.fs */ = {isa = PBXFileReference; explicitFileType = sourcecode.glsl; fileEncoding = 4; path = Metallic.fs; sourceTree = "<group>"; };
		5291DB9215FBF7BC00ECDBCA /* GLLAmbientLight.h */ = {isa = PBXFileReference; fileEncoding = 4; lastKnownFileType = sourcecode.c.h; path = GLLAmbientLight.h; sourceTree = "<group>"; };
		5291DB9315FBF7BD00ECDBCA /* GLLAmbientLight.m */ = {isa = PBXFileReference; fileEncoding = 4; lastKnownFileType = sourcecode.c.objc; path = GLLAmbientLight.m; sourceTree = "<group>"; };
		5291DB9715FBF97000ECDBCA /* GLLAmbientLightView.xib */ = {isa = PBXFileReference; fileEncoding = 4; lastKnownFileType = file.xib; path = GLLAmbientLightView.xib; sourceTree = "<group>"; };
		529692C815F1568200DF2FA3 /* TRInDataStream.h */ = {isa = PBXFileReference; fileEncoding = 4; lastKnownFileType = sourcecode.c.h; path = TRInDataStream.h; sourceTree = "<group>"; };
		529692C915F1568200DF2FA3 /* TRInDataStream.m */ = {isa = PBXFileReference; fileEncoding = 4; lastKnownFileType = sourcecode.c.objc; path = TRInDataStream.m; sourceTree = "<group>"; };
		529692CA15F1568200DF2FA3 /* TROutDataStream.h */ = {isa = PBXFileReference; fileEncoding = 4; lastKnownFileType = sourcecode.c.h; path = TROutDataStream.h; sourceTree = "<group>"; };
		529692CB15F1568200DF2FA3 /* TROutDataStream.m */ = {isa = PBXFileReference; fileEncoding = 4; lastKnownFileType = sourcecode.c.objc; path = TROutDataStream.m; sourceTree = "<group>"; };
		529692D015F2374F00DF2FA3 /* libz.dylib */ = {isa = PBXFileReference; lastKnownFileType = "compiled.mach-o.dylib"; name = libz.dylib; path = usr/lib/libz.dylib; sourceTree = SDKROOT; };
		529692D215F24EF000DF2FA3 /* GLLBone.h */ = {isa = PBXFileReference; fileEncoding = 4; lastKnownFileType = sourcecode.c.h; path = GLLBone.h; sourceTree = "<group>"; };
		529692D315F24EF100DF2FA3 /* GLLBone.m */ = {isa = PBXFileReference; fileEncoding = 4; lastKnownFileType = sourcecode.c.objc; path = GLLBone.m; sourceTree = "<group>"; };
		529692D615F2590000DF2FA3 /* XNALara Model File Format.md */ = {isa = PBXFileReference; fileEncoding = 4; lastKnownFileType = text; path = "XNALara Model File Format.md"; sourceTree = "<group>"; };
		529692D815F2625200DF2FA3 /* GLLItem.h */ = {isa = PBXFileReference; fileEncoding = 4; lastKnownFileType = sourcecode.c.h; path = GLLItem.h; sourceTree = "<group>"; };
		529692D915F2625200DF2FA3 /* GLLItem.m */ = {isa = PBXFileReference; fileEncoding = 4; lastKnownFileType = sourcecode.c.objc; path = GLLItem.m; sourceTree = "<group>"; };
		529692DB15F2759400DF2FA3 /* GLLBoneTransformation.h */ = {isa = PBXFileReference; fileEncoding = 4; lastKnownFileType = sourcecode.c.h; path = GLLBoneTransformation.h; sourceTree = "<group>"; };
		529692DC15F2759400DF2FA3 /* GLLBoneTransformation.m */ = {isa = PBXFileReference; fileEncoding = 4; lastKnownFileType = sourcecode.c.objc; path = GLLBoneTransformation.m; sourceTree = "<group>"; };
		529692DE15F2795700DF2FA3 /* GLLVersion.h */ = {isa = PBXFileReference; lastKnownFileType = sourcecode.c.h; path = GLLVersion.h; sourceTree = "<group>"; };
		529692DF15F27D5900DF2FA3 /* Source Code Overview.md */ = {isa = PBXFileReference; fileEncoding = 4; lastKnownFileType = text; path = "Source Code Overview.md"; sourceTree = "<group>"; };
		529692E115F2861E00DF2FA3 /* GLLMeshDrawer.h */ = {isa = PBXFileReference; fileEncoding = 4; lastKnownFileType = sourcecode.c.h; path = GLLMeshDrawer.h; sourceTree = "<group>"; };
		529692E215F2861E00DF2FA3 /* GLLMeshDrawer.m */ = {isa = PBXFileReference; fileEncoding = 4; lastKnownFileType = sourcecode.c.objc; path = GLLMeshDrawer.m; sourceTree = "<group>"; };
		529692E415F286E600DF2FA3 /* GLLVertexFormat.h */ = {isa = PBXFileReference; lastKnownFileType = sourcecode.c.h; path = GLLVertexFormat.h; sourceTree = "<group>"; };
		529692E515F289EB00DF2FA3 /* OpenGL.framework */ = {isa = PBXFileReference; lastKnownFileType = wrapper.framework; name = OpenGL.framework; path = System/Library/Frameworks/OpenGL.framework; sourceTree = SDKROOT; };
		529692E715F28BFB00DF2FA3 /* GLLTexture.h */ = {isa = PBXFileReference; fileEncoding = 4; lastKnownFileType = sourcecode.c.h; path = GLLTexture.h; sourceTree = "<group>"; };
		529692E815F28BFB00DF2FA3 /* GLLTexture.m */ = {isa = PBXFileReference; fileEncoding = 4; lastKnownFileType = sourcecode.c.objc; path = GLLTexture.m; sourceTree = "<group>"; };
		529692EE15F28D0F00DF2FA3 /* OpenDDSFile.h */ = {isa = PBXFileReference; fileEncoding = 4; lastKnownFileType = sourcecode.c.h; path = OpenDDSFile.h; sourceTree = "<group>"; };
		529692EF15F28D0F00DF2FA3 /* OpenDDSFile.c */ = {isa = PBXFileReference; fileEncoding = 4; lastKnownFileType = sourcecode.c.c; path = OpenDDSFile.c; sourceTree = "<group>"; };
		529693F015F2A77E00DF2FA3 /* GLLModelParams.h */ = {isa = PBXFileReference; fileEncoding = 4; lastKnownFileType = sourcecode.c.h; path = GLLModelParams.h; sourceTree = "<group>"; };
		529693F115F2A77E00DF2FA3 /* GLLModelParams.m */ = {isa = PBXFileReference; fileEncoding = 4; lastKnownFileType = sourcecode.c.objc; path = GLLModelParams.m; sourceTree = "<group>"; };
		529693F315F2B58A00DF2FA3 /* GLLASCIIScanner.h */ = {isa = PBXFileReference; fileEncoding = 4; lastKnownFileType = sourcecode.c.h; path = GLLASCIIScanner.h; sourceTree = "<group>"; };
		529693F415F2B58B00DF2FA3 /* GLLASCIIScanner.m */ = {isa = PBXFileReference; fileEncoding = 4; lastKnownFileType = sourcecode.c.objc; path = GLLASCIIScanner.m; sourceTree = "<group>"; };
		529693F715F2D02900DF2FA3 /* xnaLaraDefault.modelparams.plist */ = {isa = PBXFileReference; fileEncoding = 4; lastKnownFileType = text.plist.xml; path = xnaLaraDefault.modelparams.plist; sourceTree = "<group>"; };
		529693F915F36DDB00DF2FA3 /* lara.modelparams.plist */ = {isa = PBXFileReference; fileEncoding = 4; lastKnownFileType = text.plist.xml; path = lara.modelparams.plist; sourceTree = "<group>"; };
		529693FB15F3781100DF2FA3 /* Render parameters.md */ = {isa = PBXFileReference; fileEncoding = 4; lastKnownFileType = text; path = "Render parameters.md"; sourceTree = "<group>"; };
		529693FD15F37AAF00DF2FA3 /* lara_dlc_bikini_blue.modelparams.plist */ = {isa = PBXFileReference; fileEncoding = 4; lastKnownFileType = text.plist.xml; path = lara_dlc_bikini_blue.modelparams.plist; sourceTree = "<group>"; };
		529693FF15F3881A00DF2FA3 /* GLLProgram.h */ = {isa = PBXFileReference; fileEncoding = 4; lastKnownFileType = sourcecode.c.h; path = GLLProgram.h; sourceTree = "<group>"; };
		5296940015F3881B00DF2FA3 /* GLLProgram.m */ = {isa = PBXFileReference; fileEncoding = 4; lastKnownFileType = sourcecode.c.objc; path = GLLProgram.m; sourceTree = "<group>"; };
		5296940215F3893100DF2FA3 /* GLLShader.h */ = {isa = PBXFileReference; fileEncoding = 4; lastKnownFileType = sourcecode.c.h; path = GLLShader.h; sourceTree = "<group>"; };
		5296940315F3893200DF2FA3 /* GLLShader.m */ = {isa = PBXFileReference; fileEncoding = 4; lastKnownFileType = sourcecode.c.objc; path = GLLShader.m; sourceTree = "<group>"; };
		5296940615F3919A00DF2FA3 /* Basic.vs */ = {isa = PBXFileReference; explicitFileType = sourcecode.glsl; fileEncoding = 4; path = Basic.vs; sourceTree = "<group>"; };
		5296940D15F3935E00DF2FA3 /* Bump.vs */ = {isa = PBXFileReference; explicitFileType = sourcecode.glsl; fileEncoding = 4; path = Bump.vs; sourceTree = "<group>"; };
		5296941415F3E7A000DF2FA3 /* DiffuseLightmap.fs */ = {isa = PBXFileReference; explicitFileType = sourcecode.glsl; fileEncoding = 4; path = DiffuseLightmap.fs; sourceTree = "<group>"; };
		5296941615F3EC9B00DF2FA3 /* Diffuse.fs */ = {isa = PBXFileReference; explicitFileType = sourcecode.glsl; fileEncoding = 4; path = Diffuse.fs; sourceTree = "<group>"; };
		5296941815F3ED3D00DF2FA3 /* DiffuseBump.fs */ = {isa = PBXFileReference; explicitFileType = sourcecode.glsl; fileEncoding = 4; path = DiffuseBump.fs; sourceTree = "<group>"; };
		5296941A15F4049B00DF2FA3 /* DiffuseLightmapBump.fs */ = {isa = PBXFileReference; explicitFileType = sourcecode.glsl; fileEncoding = 4; path = DiffuseLightmapBump.fs; sourceTree = "<group>"; };
		5296941C15F4063500DF2FA3 /* DiffuseLightmapBump3.fs */ = {isa = PBXFileReference; explicitFileType = sourcecode.glsl; fileEncoding = 4; path = DiffuseLightmapBump3.fs; sourceTree = "<group>"; };
		5296942215F411CC00DF2FA3 /* GLLModelDrawer.h */ = {isa = PBXFileReference; fileEncoding = 4; lastKnownFileType = sourcecode.c.h; path = GLLModelDrawer.h; sourceTree = "<group>"; };
		5296942315F411CC00DF2FA3 /* GLLModelDrawer.m */ = {isa = PBXFileReference; fileEncoding = 4; lastKnownFileType = sourcecode.c.objc; path = GLLModelDrawer.m; sourceTree = "<group>"; };
		5296942615F4139300DF2FA3 /* GLLItemDrawer.h */ = {isa = PBXFileReference; fileEncoding = 4; lastKnownFileType = sourcecode.c.h; path = GLLItemDrawer.h; sourceTree = "<group>"; };
		5296942715F4139300DF2FA3 /* GLLItemDrawer.m */ = {isa = PBXFileReference; fileEncoding = 4; lastKnownFileType = sourcecode.c.objc; path = GLLItemDrawer.m; sourceTree = "<group>"; };
		5296942915F4174F00DF2FA3 /* GLLSceneDrawer.h */ = {isa = PBXFileReference; fileEncoding = 4; lastKnownFileType = sourcecode.c.h; path = GLLSceneDrawer.h; sourceTree = "<group>"; };
		5296942A15F4174F00DF2FA3 /* GLLSceneDrawer.m */ = {isa = PBXFileReference; fileEncoding = 4; lastKnownFileType = sourcecode.c.objc; path = GLLSceneDrawer.m; sourceTree = "<group>"; };
		5296942D15F421D900DF2FA3 /* simd_cpp_operators.h */ = {isa = PBXFileReference; fileEncoding = 4; lastKnownFileType = sourcecode.c.h; path = simd_cpp_operators.h; sourceTree = "<group>"; };
		5296942E15F421D900DF2FA3 /* simd_functions.h */ = {isa = PBXFileReference; fileEncoding = 4; lastKnownFileType = sourcecode.c.h; path = simd_functions.h; sourceTree = "<group>"; };
		5296942F15F421D900DF2FA3 /* simd_matrix.c */ = {isa = PBXFileReference; fileEncoding = 4; lastKnownFileType = sourcecode.c.c; path = simd_matrix.c; sourceTree = "<group>"; };
		5296943015F421D900DF2FA3 /* simd_matrix.h */ = {isa = PBXFileReference; fileEncoding = 4; lastKnownFileType = sourcecode.c.h; path = simd_matrix.h; sourceTree = "<group>"; };
		5296943115F421D900DF2FA3 /* simd_project.c */ = {isa = PBXFileReference; fileEncoding = 4; lastKnownFileType = sourcecode.c.c; path = simd_project.c; sourceTree = "<group>"; };
		5296943215F421D900DF2FA3 /* simd_project.h */ = {isa = PBXFileReference; fileEncoding = 4; lastKnownFileType = sourcecode.c.h; path = simd_project.h; sourceTree = "<group>"; };
		5296943315F421D900DF2FA3 /* simd_quaternion.h */ = {isa = PBXFileReference; fileEncoding = 4; lastKnownFileType = sourcecode.c.h; path = simd_quaternion.h; sourceTree = "<group>"; };
		5296943415F421D900DF2FA3 /* simd_types.h */ = {isa = PBXFileReference; fileEncoding = 4; lastKnownFileType = sourcecode.c.h; path = simd_types.h; sourceTree = "<group>"; };
		5296943715F4285500DF2FA3 /* GLLUniformBlockBindings.h */ = {isa = PBXFileReference; lastKnownFileType = sourcecode.c.h; path = GLLUniformBlockBindings.h; sourceTree = "<group>"; };
		5296943815F4CC3100DF2FA3 /* GLLMeshSplitter.h */ = {isa = PBXFileReference; fileEncoding = 4; lastKnownFileType = sourcecode.c.h; path = GLLMeshSplitter.h; sourceTree = "<group>"; };
		5296943915F4CC3200DF2FA3 /* GLLMeshSplitter.m */ = {isa = PBXFileReference; fileEncoding = 4; lastKnownFileType = sourcecode.c.objc; path = GLLMeshSplitter.m; sourceTree = "<group>"; };
		5296943E15F51F2B00DF2FA3 /* Readme.md */ = {isa = PBXFileReference; fileEncoding = 4; lastKnownFileType = text; path = Readme.md; sourceTree = "<group>"; };
		5296944715F565D000DF2FA3 /* GLLResourceManager.h */ = {isa = PBXFileReference; fileEncoding = 4; lastKnownFileType = sourcecode.c.h; path = GLLResourceManager.h; sourceTree = "<group>"; };
		5296944815F565D100DF2FA3 /* GLLResourceManager.m */ = {isa = PBXFileReference; fileEncoding = 4; lastKnownFileType = sourcecode.c.objc; path = GLLResourceManager.m; sourceTree = "<group>"; };
		5296945215F60F3900DF2FA3 /* GLLView.h */ = {isa = PBXFileReference; fileEncoding = 4; lastKnownFileType = sourcecode.c.h; path = GLLView.h; sourceTree = "<group>"; };
		5296945315F60F3C00DF2FA3 /* GLLView.m */ = {isa = PBXFileReference; fileEncoding = 4; lastKnownFileType = sourcecode.c.objc; path = GLLView.m; sourceTree = "<group>"; };
		5296945815F6C84900DF2FA3 /* GLLShaderDescriptor.h */ = {isa = PBXFileReference; fileEncoding = 4; lastKnownFileType = sourcecode.c.h; path = GLLShaderDescriptor.h; sourceTree = "<group>"; };
		5296945915F6C84900DF2FA3 /* GLLShaderDescriptor.m */ = {isa = PBXFileReference; fileEncoding = 4; lastKnownFileType = sourcecode.c.objc; path = GLLShaderDescriptor.m; sourceTree = "<group>"; };
		5296946215F7B28300DF2FA3 /* GLLRenderWindowController.h */ = {isa = PBXFileReference; fileEncoding = 4; lastKnownFileType = sourcecode.c.h; path = GLLRenderWindowController.h; sourceTree = "<group>"; };
		5296946315F7B28300DF2FA3 /* GLLRenderWindowController.m */ = {isa = PBXFileReference; fileEncoding = 4; lastKnownFileType = sourcecode.c.objc; path = GLLRenderWindowController.m; sourceTree = "<group>"; };
		5296946415F7B28300DF2FA3 /* GLLRenderWindowController.xib */ = {isa = PBXFileReference; fileEncoding = 4; lastKnownFileType = file.xib; path = GLLRenderWindowController.xib; sourceTree = "<group>"; };
		5296946715F7DAA200DF2FA3 /* GLLDocumentWindowController.h */ = {isa = PBXFileReference; fileEncoding = 4; lastKnownFileType = sourcecode.c.h; path = GLLDocumentWindowController.h; sourceTree = "<group>"; };
		5296946815F7DAA300DF2FA3 /* GLLDocumentWindowController.m */ = {isa = PBXFileReference; fileEncoding = 4; lastKnownFileType = sourcecode.c.objc; path = GLLDocumentWindowController.m; sourceTree = "<group>"; };
		5296947115F7FB3200DF2FA3 /* GLLMeshSettings.h */ = {isa = PBXFileReference; fileEncoding = 4; lastKnownFileType = sourcecode.c.h; path = GLLMeshSettings.h; sourceTree = "<group>"; };
		5296947215F7FB3200DF2FA3 /* GLLMeshSettings.m */ = {isa = PBXFileReference; fileEncoding = 4; lastKnownFileType = sourcecode.c.objc; path = GLLMeshSettings.m; sourceTree = "<group>"; };
		5296947415F807A700DF2FA3 /* GLLSourceListItem.h */ = {isa = PBXFileReference; lastKnownFileType = sourcecode.c.h; path = GLLSourceListItem.h; sourceTree = "<group>"; };
		5296947515F80F4500DF2FA3 /* GLLBoneTransformViewController.h */ = {isa = PBXFileReference; fileEncoding = 4; lastKnownFileType = sourcecode.c.h; path = GLLBoneTransformViewController.h; sourceTree = "<group>"; };
		5296947615F80F4500DF2FA3 /* GLLBoneTransformViewController.m */ = {isa = PBXFileReference; fileEncoding = 4; lastKnownFileType = sourcecode.c.objc; path = GLLBoneTransformViewController.m; sourceTree = "<group>"; };
		52AF114B15FCB2D200DF2565 /* GLLWindowSettingsPopoverView.xib */ = {isa = PBXFileReference; fileEncoding = 4; lastKnownFileType = file.xib; path = GLLWindowSettingsPopoverView.xib; sourceTree = "<group>"; };
		52AF115415FCD4A000DF2565 /* GLLCameraTarget.h */ = {isa = PBXFileReference; fileEncoding = 4; lastKnownFileType = sourcecode.c.h; path = GLLCameraTarget.h; sourceTree = "<group>"; };
		52AF115515FCD4A000DF2565 /* GLLCameraTarget.m */ = {isa = PBXFileReference; fileEncoding = 4; lastKnownFileType = sourcecode.c.objc; path = GLLCameraTarget.m; sourceTree = "<group>"; };
		52BB206715F8275E00937450 /* doppelganger.modelparams.plist */ = {isa = PBXFileReference; fileEncoding = 4; lastKnownFileType = text.plist.xml; path = doppelganger.modelparams.plist; sourceTree = "<group>"; };
		52BB206915F82B4200937450 /* Shadeless.fs */ = {isa = PBXFileReference; explicitFileType = sourcecode.glsl; fileEncoding = 4; path = Shadeless.fs; sourceTree = "<group>"; };
		52BB206B15F82D9A00937450 /* lara_bathing_suit.modelparams.plist */ = {isa = PBXFileReference; fileEncoding = 4; lastKnownFileType = text.plist.xml; path = lara_bathing_suit.modelparams.plist; sourceTree = "<group>"; };
		52BB206D15F830C400937450 /* albino_spider.modelparams.plist */ = {isa = PBXFileReference; fileEncoding = 4; lastKnownFileType = text.plist.xml; path = albino_spider.modelparams.plist; sourceTree = "<group>"; };
		52BB206F15F831C900937450 /* mjolnir.modelparams.plist */ = {isa = PBXFileReference; fileEncoding = 4; lastKnownFileType = text.plist.xml; path = mjolnir.modelparams.plist; sourceTree = "<group>"; };
		52BB207115F8329000937450 /* motorcycle.modelparams.plist */ = {isa = PBXFileReference; fileEncoding = 4; lastKnownFileType = text.plist.xml; path = motorcycle.modelparams.plist; sourceTree = "<group>"; };
		52BB207315F8334E00937450 /* tiger1.modelparams.plist */ = {isa = PBXFileReference; fileEncoding = 4; lastKnownFileType = text.plist.xml; path = tiger1.modelparams.plist; sourceTree = "<group>"; };
		52BB217C15F972AB00937450 /* GLLSceneModel.xcdatamodel */ = {isa = PBXFileReference; lastKnownFileType = wrapper.xcdatamodel; path = GLLSceneModel.xcdatamodel; sourceTree = "<group>"; };
		52BB21A115FACF2E00937450 /* croft_manor_hall.modelparams.plist */ = {isa = PBXFileReference; fileEncoding = 4; lastKnownFileType = text.plist.xml; path = croft_manor_hall.modelparams.plist; sourceTree = "<group>"; };
		52BB21A415FACFD100937450 /* Model Parameters (deutsch).md */ = {isa = PBXFileReference; fileEncoding = 4; lastKnownFileType = text; path = "Model Parameters (deutsch).md"; sourceTree = "<group>"; };
		52BB21A615FAD30000937450 /* StaticBump.vs */ = {isa = PBXFileReference; explicitFileType = sourcecode.glsl; fileEncoding = 4; path = StaticBump.vs; sourceTree = "<group>"; };
		52BB21A815FB45B200937450 /* croft_manor_hall_lq.modelparams.plist */ = {isa = PBXFileReference; fileEncoding = 4; lastKnownFileType = text.plist.xml; path = croft_manor_hall_lq.modelparams.plist; sourceTree = "<group>"; };
		52BB21AA15FB4C3200937450 /* StaticBasic.vs */ = {isa = PBXFileReference; explicitFileType = sourcecode.glsl; fileEncoding = 4; path = StaticBasic.vs; sourceTree = "<group>"; };
		52BB21AC15FB4CED00937450 /* ShadelessVertexColor.fs */ = {isa = PBXFileReference; explicitFileType = sourcecode.glsl; fileEncoding = 4; path = ShadelessVertexColor.fs; sourceTree = "<group>"; };
		52BB21B215FB7A6200937450 /* foliage_tree4.modelparams.plist */ = {isa = PBXFileReference; fileEncoding = 4; lastKnownFileType = text.plist.xml; path = foliage_tree4.modelparams.plist; sourceTree = "<group>"; };
		52BB21B515FB7AE700937450 /* StaticBasic2TexCoords.vs */ = {isa = PBXFileReference; explicitFileType = sourcecode.glsl; fileEncoding = 4; path = StaticBasic2TexCoords.vs; sourceTree = "<group>"; };
		52BB21B715FB7B6E00937450 /* DiffuseLightmap2TexCoords.fs */ = {isa = PBXFileReference; explicitFileType = sourcecode.glsl; fileEncoding = 4; path = DiffuseLightmap2TexCoords.fs; sourceTree = "<group>"; };
		52BB21B915FB7D0500937450 /* ship.modelparams.plist */ = {isa = PBXFileReference; fileEncoding = 4; lastKnownFileType = text.plist.xml; path = ship.modelparams.plist; sourceTree = "<group>"; };
		52BB21BB15FB7E4900937450 /* yacht.modelparams.plist */ = {isa = PBXFileReference; fileEncoding = 4; lastKnownFileType = text.plist.xml; path = yacht.modelparams.plist; sourceTree = "<group>"; };
		52BB21C615FC732700937450 /* GLLRenderParameter.h */ = {isa = PBXFileReference; fileEncoding = 4; lastKnownFileType = sourcecode.c.h; path = GLLRenderParameter.h; sourceTree = "<group>"; };
		52BB21C715FC732800937450 /* GLLRenderParameter.m */ = {isa = PBXFileReference; fileEncoding = 4; lastKnownFileType = sourcecode.c.objc; path = GLLRenderParameter.m; sourceTree = "<group>"; };
		52BB21C915FC75B500937450 /* RenderParameters.strings */ = {isa = PBXFileReference; fileEncoding = 4; lastKnownFileType = text.plist.strings; path = RenderParameters.strings; sourceTree = "<group>"; };
		52BB21CB15FC7B8C00937450 /* GLLRenderParameterDescription.h */ = {isa = PBXFileReference; fileEncoding = 4; lastKnownFileType = sourcecode.c.h; path = GLLRenderParameterDescription.h; sourceTree = "<group>"; };
		52BB21CC15FC7B8C00937450 /* GLLRenderParameterDescription.m */ = {isa = PBXFileReference; fileEncoding = 4; lastKnownFileType = sourcecode.c.objc; path = GLLRenderParameterDescription.m; sourceTree = "<group>"; };
		52BB21CE15FCA4A000937450 /* amanda_light.modelparams.plist */ = {isa = PBXFileReference; fileEncoding = 4; lastKnownFileType = text.plist.xml; path = amanda_light.modelparams.plist; sourceTree = "<group>"; };
		52BB21D015FCA6DC00937450 /* amanda_heavy.modelparams.plist */ = {isa = PBXFileReference; fileEncoding = 4; lastKnownFileType = text.plist.xml; path = amanda_heavy.modelparams.plist; sourceTree = "<group>"; };
		52BB21D615FCE2E200937450 /* lara_dlc_designer_peoples_choice.modelparams.plist */ = {isa = PBXFileReference; fileEncoding = 4; lastKnownFileType = text.plist.xml; path = lara_dlc_designer_peoples_choice.modelparams.plist; sourceTree = "<group>"; };
		52BB21D915FCF02200937450 /* GLLCamera.h */ = {isa = PBXFileReference; fileEncoding = 4; lastKnownFileType = sourcecode.c.h; path = GLLCamera.h; sourceTree = "<group>"; };
		52BB21DA15FCF02200937450 /* GLLCamera.m */ = {isa = PBXFileReference; fileEncoding = 4; lastKnownFileType = sourcecode.c.objc; path = GLLCamera.m; sourceTree = "<group>"; };
		52C9F60B15FF1752003272E1 /* GLLItemViewController.h */ = {isa = PBXFileReference; fileEncoding = 4; lastKnownFileType = sourcecode.c.h; path = GLLItemViewController.h; sourceTree = "<group>"; };
		52C9F60C15FF1752003272E1 /* GLLItemViewController.m */ = {isa = PBXFileReference; fileEncoding = 4; lastKnownFileType = sourcecode.c.objc; path = GLLItemViewController.m; sourceTree = "<group>"; };
		52C9F60D15FF1753003272E1 /* GLLItemViewController.xib */ = {isa = PBXFileReference; fileEncoding = 4; lastKnownFileType = file.xib; path = GLLItemViewController.xib; sourceTree = "<group>"; };
		52D6A09415F8B0F7002A0BB4 /* GLLMeshSettingsViewController.h */ = {isa = PBXFileReference; fileEncoding = 4; lastKnownFileType = sourcecode.c.h; path = GLLMeshSettingsViewController.h; sourceTree = "<group>"; };
		52D6A09515F8B0F7002A0BB4 /* GLLMeshSettingsViewController.m */ = {isa = PBXFileReference; fileEncoding = 4; lastKnownFileType = sourcecode.c.objc; path = GLLMeshSettingsViewController.m; sourceTree = "<group>"; };
		52D6A09615F8B0F7002A0BB4 /* GLLMeshSettingsViewController.xib */ = {isa = PBXFileReference; fileEncoding = 4; lastKnownFileType = file.xib; path = GLLMeshSettingsViewController.xib; sourceTree = "<group>"; };
		52D6A09B15F8BAB0002A0BB4 /* GLLTransformedMeshDrawer.h */ = {isa = PBXFileReference; fileEncoding = 4; lastKnownFileType = sourcecode.c.h; path = GLLTransformedMeshDrawer.h; sourceTree = "<group>"; };
		52D6A09C15F8BAB0002A0BB4 /* GLLTransformedMeshDrawer.m */ = {isa = PBXFileReference; fileEncoding = 4; lastKnownFileType = sourcecode.c.objc; path = GLLTransformedMeshDrawer.m; sourceTree = "<group>"; };
		52D6A0A215F914C3002A0BB4 /* DiffuseLightmapBump3Specular.fs */ = {isa = PBXFileReference; explicitFileType = sourcecode.glsl; fileEncoding = 4; path = DiffuseLightmapBump3Specular.fs; sourceTree = "<group>"; };
		52F2BC3815F8198400E3EE75 /* GLLBoneTransformView.xib */ = {isa = PBXFileReference; fileEncoding = 4; lastKnownFileType = file.xib; path = GLLBoneTransformView.xib; sourceTree = "<group>"; };
/* End PBXFileReference section */

/* Begin PBXFrameworksBuildPhase section */
		525ACD4415F0F1A700534E7D /* Frameworks */ = {
			isa = PBXFrameworksBuildPhase;
			buildActionMask = 2147483647;
			files = (
				5224C8F015FABC92002A6C76 /* Accelerate.framework in Frameworks */,
				529692D115F2374F00DF2FA3 /* libz.dylib in Frameworks */,
				525ACD4C15F0F1A700534E7D /* Cocoa.framework in Frameworks */,
				529692E615F289EB00DF2FA3 /* OpenGL.framework in Frameworks */,
			);
			runOnlyForDeploymentPostprocessing = 0;
		};
		525ACD6715F0F1A700534E7D /* Frameworks */ = {
			isa = PBXFrameworksBuildPhase;
			buildActionMask = 2147483647;
			files = (
				525ACD6D15F0F1A700534E7D /* SenTestingKit.framework in Frameworks */,
				525ACD6E15F0F1A700534E7D /* Cocoa.framework in Frameworks */,
			);
			runOnlyForDeploymentPostprocessing = 0;
		};
/* End PBXFrameworksBuildPhase section */

/* Begin PBXGroup section */
		525ACD3C15F0F1A700534E7D = {
			isa = PBXGroup;
			children = (
				5296943E15F51F2B00DF2FA3 /* Readme.md */,
				529692D515F258E600DF2FA3 /* Documentation */,
				525ACD5115F0F1A700534E7D /* GLLara */,
				525ACD7115F0F1A700534E7D /* GLLaraTests */,
				525ACD4A15F0F1A700534E7D /* Frameworks */,
				525ACD4815F0F1A700534E7D /* Products */,
			);
			sourceTree = "<group>";
		};
		525ACD4815F0F1A700534E7D /* Products */ = {
			isa = PBXGroup;
			children = (
				525ACD4715F0F1A700534E7D /* GLLara.app */,
				525ACD6B15F0F1A700534E7D /* GLLaraTests.octest */,
			);
			name = Products;
			sourceTree = "<group>";
		};
		525ACD4A15F0F1A700534E7D /* Frameworks */ = {
			isa = PBXGroup;
			children = (
				5224C8EF15FABC92002A6C76 /* Accelerate.framework */,
				529692D015F2374F00DF2FA3 /* libz.dylib */,
				525ACD4B15F0F1A700534E7D /* Cocoa.framework */,
				529692E515F289EB00DF2FA3 /* OpenGL.framework */,
				525ACD6C15F0F1A700534E7D /* SenTestingKit.framework */,
				525ACD4D15F0F1A700534E7D /* Other Frameworks */,
			);
			name = Frameworks;
			sourceTree = "<group>";
		};
		525ACD4D15F0F1A700534E7D /* Other Frameworks */ = {
			isa = PBXGroup;
			children = (
				525ACD4E15F0F1A700534E7D /* AppKit.framework */,
				525ACD4F15F0F1A700534E7D /* CoreData.framework */,
				525ACD5015F0F1A700534E7D /* Foundation.framework */,
			);
			name = "Other Frameworks";
			sourceTree = "<group>";
		};
		525ACD5115F0F1A700534E7D /* GLLara */ = {
			isa = PBXGroup;
			children = (
				5296946115F7B22E00DF2FA3 /* Document and UI */,
				5296942C15F421D800DF2FA3 /* shared_simd */,
				5296942515F4138100DF2FA3 /* Drawing posed items */,
				5296942115F4115800DF2FA3 /* Render resources */,
				5296942015F4114600DF2FA3 /* Drawing parts */,
				5296941F15F4112E00DF2FA3 /* Scene members */,
				5296941E15F4111A00DF2FA3 /* Model Resources */,
				5296940515F38FFA00DF2FA3 /* Shaders */,
				529693F615F2D00200DF2FA3 /* Model Parameters */,
				529692F115F28D1200DF2FA3 /* From DDSConverter */,
				529692CF15F1568700DF2FA3 /* From TR Poser */,
				525ACD5215F0F1A700534E7D /* Supporting Files */,
				529692DE15F2795700DF2FA3 /* GLLVersion.h */,
				529692E415F286E600DF2FA3 /* GLLVertexFormat.h */,
				5296942915F4174F00DF2FA3 /* GLLSceneDrawer.h */,
				5296942A15F4174F00DF2FA3 /* GLLSceneDrawer.m */,
				529693F315F2B58A00DF2FA3 /* GLLASCIIScanner.h */,
				529693F415F2B58B00DF2FA3 /* GLLASCIIScanner.m */,
				52BB217B15F972AB00937450 /* GLLSceneModel.xcdatamodeld */,
			);
			path = GLLara;
			sourceTree = "<group>";
		};
		525ACD5215F0F1A700534E7D /* Supporting Files */ = {
			isa = PBXGroup;
			children = (
				52919A1415FDF0A7004ACBA5 /* cameratemplate.pdf */,
				525ACD5315F0F1A700534E7D /* GLLara-Info.plist */,
				525ACD5415F0F1A700534E7D /* InfoPlist.strings */,
				525ACD5715F0F1A700534E7D /* main.m */,
				525ACD5A15F0F1A700534E7D /* Credits.rtf */,
				52BB21C915FC75B500937450 /* RenderParameters.strings */,
			);
			name = "Supporting Files";
			sourceTree = "<group>";
		};
		525ACD7115F0F1A700534E7D /* GLLaraTests */ = {
			isa = PBXGroup;
			children = (
				525ACD7715F0F1A700534E7D /* GLLaraTests.h */,
				525ACD7815F0F1A700534E7D /* GLLaraTests.m */,
				525ACD7215F0F1A700534E7D /* Supporting Files */,
			);
			path = GLLaraTests;
			sourceTree = "<group>";
		};
		525ACD7215F0F1A700534E7D /* Supporting Files */ = {
			isa = PBXGroup;
			children = (
				525ACD7315F0F1A700534E7D /* GLLaraTests-Info.plist */,
				525ACD7415F0F1A700534E7D /* InfoPlist.strings */,
			);
			name = "Supporting Files";
			sourceTree = "<group>";
		};
		529692CF15F1568700DF2FA3 /* From TR Poser */ = {
			isa = PBXGroup;
			children = (
				529692C815F1568200DF2FA3 /* TRInDataStream.h */,
				529692C915F1568200DF2FA3 /* TRInDataStream.m */,
				529692CA15F1568200DF2FA3 /* TROutDataStream.h */,
				529692CB15F1568200DF2FA3 /* TROutDataStream.m */,
			);
			name = "From TR Poser";
			sourceTree = "<group>";
		};
		529692D515F258E600DF2FA3 /* Documentation */ = {
			isa = PBXGroup;
			children = (
				52BB21A415FACFD100937450 /* Model Parameters (deutsch).md */,
				529692D615F2590000DF2FA3 /* XNALara Model File Format.md */,
				529692DF15F27D5900DF2FA3 /* Source Code Overview.md */,
				529693FB15F3781100DF2FA3 /* Render parameters.md */,
				5291DB7F15FB711900ECDBCA /* Model Parameters (english).md */,
			);
			path = Documentation;
			sourceTree = "<group>";
		};
		529692F115F28D1200DF2FA3 /* From DDSConverter */ = {
			isa = PBXGroup;
			children = (
				529692EE15F28D0F00DF2FA3 /* OpenDDSFile.h */,
				529692EF15F28D0F00DF2FA3 /* OpenDDSFile.c */,
			);
			name = "From DDSConverter";
			sourceTree = "<group>";
		};
		529693F615F2D00200DF2FA3 /* Model Parameters */ = {
			isa = PBXGroup;
			children = (
				529693F715F2D02900DF2FA3 /* xnaLaraDefault.modelparams.plist */,
				529693FD15F37AAF00DF2FA3 /* lara_dlc_bikini_blue.modelparams.plist */,
				529693F915F36DDB00DF2FA3 /* lara.modelparams.plist */,
				52BB206715F8275E00937450 /* doppelganger.modelparams.plist */,
				52BB206B15F82D9A00937450 /* lara_bathing_suit.modelparams.plist */,
				52BB206D15F830C400937450 /* albino_spider.modelparams.plist */,
				52BB206F15F831C900937450 /* mjolnir.modelparams.plist */,
				52BB207115F8329000937450 /* motorcycle.modelparams.plist */,
				52BB207315F8334E00937450 /* tiger1.modelparams.plist */,
				52BB21A115FACF2E00937450 /* croft_manor_hall.modelparams.plist */,
				52BB21A815FB45B200937450 /* croft_manor_hall_lq.modelparams.plist */,
				52BB21B215FB7A6200937450 /* foliage_tree4.modelparams.plist */,
				52BB21B915FB7D0500937450 /* ship.modelparams.plist */,
				52BB21BB15FB7E4900937450 /* yacht.modelparams.plist */,
				52BB21CE15FCA4A000937450 /* amanda_light.modelparams.plist */,
				52BB21D015FCA6DC00937450 /* amanda_heavy.modelparams.plist */,
				52BB21D615FCE2E200937450 /* lara_dlc_designer_peoples_choice.modelparams.plist */,
			);
			path = "Model Parameters";
			sourceTree = "<group>";
		};
		5296940515F38FFA00DF2FA3 /* Shaders */ = {
			isa = PBXGroup;
			children = (
				5296940615F3919A00DF2FA3 /* Basic.vs */,
				5296940D15F3935E00DF2FA3 /* Bump.vs */,
				5296941615F3EC9B00DF2FA3 /* Diffuse.fs */,
				5296941415F3E7A000DF2FA3 /* DiffuseLightmap.fs */,
				5296941815F3ED3D00DF2FA3 /* DiffuseBump.fs */,
				5296941A15F4049B00DF2FA3 /* DiffuseLightmapBump.fs */,
				5296941C15F4063500DF2FA3 /* DiffuseLightmapBump3.fs */,
				52BB206915F82B4200937450 /* Shadeless.fs */,
				52D6A0A215F914C3002A0BB4 /* DiffuseLightmapBump3Specular.fs */,
				5224C8D915F96661002A6C76 /* DiffuseLightmapBumpSpecular.fs */,
				52BB21A615FAD30000937450 /* StaticBump.vs */,
				52BB21AA15FB4C3200937450 /* StaticBasic.vs */,
				52BB21AC15FB4CED00937450 /* ShadelessVertexColor.fs */,
				5291DB8115FBB33300ECDBCA /* MetallicBump3.fs */,
				5291DB9015FBE51600ECDBCA /* Metallic.fs */,
				52BB21B515FB7AE700937450 /* StaticBasic2TexCoords.vs */,
				52BB21B715FB7B6E00937450 /* DiffuseLightmap2TexCoords.fs */,
			);
			path = Shaders;
			sourceTree = "<group>";
		};
		5296941E15F4111A00DF2FA3 /* Model Resources */ = {
			isa = PBXGroup;
			children = (
				529693F015F2A77E00DF2FA3 /* GLLModelParams.h */,
				529693F115F2A77E00DF2FA3 /* GLLModelParams.m */,
				5296943815F4CC3100DF2FA3 /* GLLMeshSplitter.h */,
				5296943915F4CC3200DF2FA3 /* GLLMeshSplitter.m */,
				525ACD8215F0F33700534E7D /* GLLModel.h */,
				525ACD8315F0F33700534E7D /* GLLModel.m */,
				525ACD8515F0F3ED00534E7D /* GLLMesh.h */,
				525ACD8615F0F3ED00534E7D /* GLLMesh.m */,
				529692D215F24EF000DF2FA3 /* GLLBone.h */,
				529692D315F24EF100DF2FA3 /* GLLBone.m */,
				5296945815F6C84900DF2FA3 /* GLLShaderDescriptor.h */,
				5296945915F6C84900DF2FA3 /* GLLShaderDescriptor.m */,
				52BB21CB15FC7B8C00937450 /* GLLRenderParameterDescription.h */,
				52BB21CC15FC7B8C00937450 /* GLLRenderParameterDescription.m */,
			);
			name = "Model Resources";
			sourceTree = "<group>";
		};
		5296941F15F4112E00DF2FA3 /* Scene members */ = {
			isa = PBXGroup;
			children = (
				52AF115415FCD4A000DF2565 /* GLLCameraTarget.h */,
				52AF115515FCD4A000DF2565 /* GLLCameraTarget.m */,
				5291DB9215FBF7BC00ECDBCA /* GLLAmbientLight.h */,
				5291DB9315FBF7BD00ECDBCA /* GLLAmbientLight.m */,
				5224C8E415FA4F18002A6C76 /* GLLDirectionalLight.h */,
				5224C8E515FA4F18002A6C76 /* GLLDirectionalLight.m */,
				529692D815F2625200DF2FA3 /* GLLItem.h */,
				529692D915F2625200DF2FA3 /* GLLItem.m */,
				529692DB15F2759400DF2FA3 /* GLLBoneTransformation.h */,
				529692DC15F2759400DF2FA3 /* GLLBoneTransformation.m */,
				5296947115F7FB3200DF2FA3 /* GLLMeshSettings.h */,
				5296947215F7FB3200DF2FA3 /* GLLMeshSettings.m */,
				52BB21C615FC732700937450 /* GLLRenderParameter.h */,
				52BB21C715FC732800937450 /* GLLRenderParameter.m */,
				52BB21D915FCF02200937450 /* GLLCamera.h */,
				52BB21DA15FCF02200937450 /* GLLCamera.m */,
			);
			name = "Scene members";
			sourceTree = "<group>";
		};
		5296942015F4114600DF2FA3 /* Drawing parts */ = {
			isa = PBXGroup;
			children = (
				529692E115F2861E00DF2FA3 /* GLLMeshDrawer.h */,
				529692E215F2861E00DF2FA3 /* GLLMeshDrawer.m */,
				5296942215F411CC00DF2FA3 /* GLLModelDrawer.h */,
				5296942315F411CC00DF2FA3 /* GLLModelDrawer.m */,
			);
			name = "Drawing parts";
			sourceTree = "<group>";
		};
		5296942115F4115800DF2FA3 /* Render resources */ = {
			isa = PBXGroup;
			children = (
				529692E715F28BFB00DF2FA3 /* GLLTexture.h */,
				529692E815F28BFB00DF2FA3 /* GLLTexture.m */,
				529693FF15F3881A00DF2FA3 /* GLLProgram.h */,
				5296940015F3881B00DF2FA3 /* GLLProgram.m */,
				5296940215F3893100DF2FA3 /* GLLShader.h */,
				5296940315F3893200DF2FA3 /* GLLShader.m */,
				5296943715F4285500DF2FA3 /* GLLUniformBlockBindings.h */,
				5296944715F565D000DF2FA3 /* GLLResourceManager.h */,
				5296944815F565D100DF2FA3 /* GLLResourceManager.m */,
			);
			name = "Render resources";
			sourceTree = "<group>";
		};
		5296942515F4138100DF2FA3 /* Drawing posed items */ = {
			isa = PBXGroup;
			children = (
				5296942615F4139300DF2FA3 /* GLLItemDrawer.h */,
				5296942715F4139300DF2FA3 /* GLLItemDrawer.m */,
				52D6A09B15F8BAB0002A0BB4 /* GLLTransformedMeshDrawer.h */,
				52D6A09C15F8BAB0002A0BB4 /* GLLTransformedMeshDrawer.m */,
			);
			name = "Drawing posed items";
			sourceTree = "<group>";
		};
		5296942C15F421D800DF2FA3 /* shared_simd */ = {
			isa = PBXGroup;
			children = (
				5296942D15F421D900DF2FA3 /* simd_cpp_operators.h */,
				5296942E15F421D900DF2FA3 /* simd_functions.h */,
				5296942F15F421D900DF2FA3 /* simd_matrix.c */,
				5296943015F421D900DF2FA3 /* simd_matrix.h */,
				5296943115F421D900DF2FA3 /* simd_project.c */,
				5296943215F421D900DF2FA3 /* simd_project.h */,
				5296943315F421D900DF2FA3 /* simd_quaternion.h */,
				5296943415F421D900DF2FA3 /* simd_types.h */,
			);
			path = shared_simd;
			sourceTree = SOURCE_ROOT;
		};
		5296946115F7B22E00DF2FA3 /* Document and UI */ = {
			isa = PBXGroup;
			children = (
				5296945215F60F3900DF2FA3 /* GLLView.h */,
				5296945315F60F3C00DF2FA3 /* GLLView.m */,
				525ACD5D15F0F1A700534E7D /* GLLDocument.h */,
				525ACD5E15F0F1A700534E7D /* GLLDocument.m */,
				5296946215F7B28300DF2FA3 /* GLLRenderWindowController.h */,
				5296946315F7B28300DF2FA3 /* GLLRenderWindowController.m */,
				5296946415F7B28300DF2FA3 /* GLLRenderWindowController.xib */,
				525ACD6015F0F1A700534E7D /* GLLDocument.xib */,
				525ACD6315F0F1A700534E7D /* MainMenu.xib */,
				5296946715F7DAA200DF2FA3 /* GLLDocumentWindowController.h */,
				5296946815F7DAA300DF2FA3 /* GLLDocumentWindowController.m */,
				5296947415F807A700DF2FA3 /* GLLSourceListItem.h */,
				5296947515F80F4500DF2FA3 /* GLLBoneTransformViewController.h */,
				5296947615F80F4500DF2FA3 /* GLLBoneTransformViewController.m */,
				52F2BC3815F8198400E3EE75 /* GLLBoneTransformView.xib */,
				52D6A09415F8B0F7002A0BB4 /* GLLMeshSettingsViewController.h */,
				52D6A09515F8B0F7002A0BB4 /* GLLMeshSettingsViewController.m */,
				52D6A09615F8B0F7002A0BB4 /* GLLMeshSettingsViewController.xib */,
				5224C8EA15FA5F33002A6C76 /* GLLLightView.xib */,
				5224C8EC15FA8FB0002A6C76 /* GLLAngleRangeValueTransformer.h */,
				5224C8ED15FA8FB0002A6C76 /* GLLAngleRangeValueTransformer.m */,
<<<<<<< HEAD
				5291DB9715FBF97000ECDBCA /* GLLAmbientLightView.xib */,
				52AF114B15FCB2D200DF2565 /* GLLWindowSettingsPopoverView.xib */,
=======
				5291DB9515FBF96F00ECDBCA /* GLLAmbientLightViewController.h */,
				5291DB9615FBF97000ECDBCA /* GLLAmbientLightViewController.m */,
				5291DB9715FBF97000ECDBCA /* GLLAmbientLightViewController.xib */,
				52AF114915FCB2D100DF2565 /* GLLWindowSettingsPopoverViewController.h */,
				52AF114A15FCB2D200DF2565 /* GLLWindowSettingsPopoverViewController.m */,
				52AF114B15FCB2D200DF2565 /* GLLWindowSettingsPopoverViewController.xib */,
				52C9F60B15FF1752003272E1 /* GLLItemViewController.h */,
				52C9F60C15FF1752003272E1 /* GLLItemViewController.m */,
				52C9F60D15FF1753003272E1 /* GLLItemViewController.xib */,
>>>>>>> Support for loading poses.
			);
			name = "Document and UI";
			sourceTree = "<group>";
		};
/* End PBXGroup section */

/* Begin PBXNativeTarget section */
		525ACD4615F0F1A700534E7D /* GLLara */ = {
			isa = PBXNativeTarget;
			buildConfigurationList = 525ACD7C15F0F1A700534E7D /* Build configuration list for PBXNativeTarget "GLLara" */;
			buildPhases = (
				525ACD4315F0F1A700534E7D /* Sources */,
				525ACD4415F0F1A700534E7D /* Frameworks */,
				525ACD4515F0F1A700534E7D /* Resources */,
			);
			buildRules = (
			);
			dependencies = (
			);
			name = GLLara;
			productName = GLLara;
			productReference = 525ACD4715F0F1A700534E7D /* GLLara.app */;
			productType = "com.apple.product-type.application";
		};
		525ACD6A15F0F1A700534E7D /* GLLaraTests */ = {
			isa = PBXNativeTarget;
			buildConfigurationList = 525ACD7F15F0F1A700534E7D /* Build configuration list for PBXNativeTarget "GLLaraTests" */;
			buildPhases = (
				525ACD6615F0F1A700534E7D /* Sources */,
				525ACD6715F0F1A700534E7D /* Frameworks */,
				525ACD6815F0F1A700534E7D /* Resources */,
				525ACD6915F0F1A700534E7D /* ShellScript */,
			);
			buildRules = (
			);
			dependencies = (
				525ACD7015F0F1A700534E7D /* PBXTargetDependency */,
			);
			name = GLLaraTests;
			productName = GLLaraTests;
			productReference = 525ACD6B15F0F1A700534E7D /* GLLaraTests.octest */;
			productType = "com.apple.product-type.bundle";
		};
/* End PBXNativeTarget section */

/* Begin PBXProject section */
		525ACD3E15F0F1A700534E7D /* Project object */ = {
			isa = PBXProject;
			attributes = {
				CLASSPREFIX = GLL;
				LastUpgradeCheck = 0440;
				ORGANIZATIONNAME = "Torsten Kammer";
			};
			buildConfigurationList = 525ACD4115F0F1A700534E7D /* Build configuration list for PBXProject "GLLara" */;
			compatibilityVersion = "Xcode 3.2";
			developmentRegion = English;
			hasScannedForEncodings = 0;
			knownRegions = (
				en,
			);
			mainGroup = 525ACD3C15F0F1A700534E7D;
			productRefGroup = 525ACD4815F0F1A700534E7D /* Products */;
			projectDirPath = "";
			projectRoot = "";
			targets = (
				525ACD4615F0F1A700534E7D /* GLLara */,
				525ACD6A15F0F1A700534E7D /* GLLaraTests */,
			);
		};
/* End PBXProject section */

/* Begin PBXResourcesBuildPhase section */
		525ACD4515F0F1A700534E7D /* Resources */ = {
			isa = PBXResourcesBuildPhase;
			buildActionMask = 2147483647;
			files = (
				5291DB8215FBB33400ECDBCA /* MetallicBump3.fs in Resources */,
				525ACD5615F0F1A700534E7D /* InfoPlist.strings in Resources */,
				525ACD5C15F0F1A700534E7D /* Credits.rtf in Resources */,
				525ACD6215F0F1A700534E7D /* GLLDocument.xib in Resources */,
				525ACD6515F0F1A700534E7D /* MainMenu.xib in Resources */,
				529693F815F2D02900DF2FA3 /* xnaLaraDefault.modelparams.plist in Resources */,
				529693FA15F36DDB00DF2FA3 /* lara.modelparams.plist in Resources */,
				529693FE15F37AAF00DF2FA3 /* lara_dlc_bikini_blue.modelparams.plist in Resources */,
				52BB21AB15FB4C3200937450 /* StaticBasic.vs in Resources */,
				52BB21B615FB7AE700937450 /* StaticBasic2TexCoords.vs in Resources */,
				52BB21AD15FB4CED00937450 /* ShadelessVertexColor.fs in Resources */,
				5291DB9115FBE51600ECDBCA /* Metallic.fs in Resources */,
				52BB21A715FAD30000937450 /* StaticBump.vs in Resources */,
				5296944015F5383F00DF2FA3 /* Basic.vs in Resources */,
				5296944115F5384100DF2FA3 /* Bump.vs in Resources */,
				52BB206A15F82B4200937450 /* Shadeless.fs in Resources */,
				52D6A0A315F914C3002A0BB4 /* DiffuseLightmapBump3Specular.fs in Resources */,
				5224C8DA15F96661002A6C76 /* DiffuseLightmapBumpSpecular.fs in Resources */,
				5296944215F5384300DF2FA3 /* Diffuse.fs in Resources */,
				5296944415F5384800DF2FA3 /* DiffuseBump.fs in Resources */,
				5296944315F5384500DF2FA3 /* DiffuseLightmap.fs in Resources */,
				5296944515F5385000DF2FA3 /* DiffuseLightmapBump.fs in Resources */,
				5296944615F5385400DF2FA3 /* DiffuseLightmapBump3.fs in Resources */,
				5296946615F7B28300DF2FA3 /* GLLRenderWindowController.xib in Resources */,
				52F2BC3915F8198400E3EE75 /* GLLBoneTransformView.xib in Resources */,
				52BB206815F8275E00937450 /* doppelganger.modelparams.plist in Resources */,
				52BB206C15F82D9A00937450 /* lara_bathing_suit.modelparams.plist in Resources */,
				52BB206E15F830C400937450 /* albino_spider.modelparams.plist in Resources */,
				52BB207015F831C900937450 /* mjolnir.modelparams.plist in Resources */,
				52BB207215F8329000937450 /* motorcycle.modelparams.plist in Resources */,
				52BB207415F8334E00937450 /* tiger1.modelparams.plist in Resources */,
				52D6A09815F8B0F7002A0BB4 /* GLLMeshSettingsViewController.xib in Resources */,
				5224C8EB15FA5F33002A6C76 /* GLLLightView.xib in Resources */,
				52BB21A215FACF2E00937450 /* croft_manor_hall.modelparams.plist in Resources */,
				52BB21A915FB45B200937450 /* croft_manor_hall_lq.modelparams.plist in Resources */,
				5291DB9915FBF97000ECDBCA /* GLLAmbientLightView.xib in Resources */,
				52BB21B315FB7A6200937450 /* foliage_tree4.modelparams.plist in Resources */,
				52BB21B815FB7B6E00937450 /* DiffuseLightmap2TexCoords.fs in Resources */,
				52BB21BA15FB7D0600937450 /* ship.modelparams.plist in Resources */,
				52BB21BC15FB7E4A00937450 /* yacht.modelparams.plist in Resources */,
				52BB21CA15FC75B500937450 /* RenderParameters.strings in Resources */,
				52BB21CF15FCA4A000937450 /* amanda_light.modelparams.plist in Resources */,
				52BB21D115FCA6DC00937450 /* amanda_heavy.modelparams.plist in Resources */,
				52AF114D15FCB2D200DF2565 /* GLLWindowSettingsPopoverView.xib in Resources */,
				52BB21D715FCE2E200937450 /* lara_dlc_designer_peoples_choice.modelparams.plist in Resources */,
				52919A1515FDF0A7004ACBA5 /* cameratemplate.pdf in Resources */,
				52C9F60F15FF1753003272E1 /* GLLItemViewController.xib in Resources */,
			);
			runOnlyForDeploymentPostprocessing = 0;
		};
		525ACD6815F0F1A700534E7D /* Resources */ = {
			isa = PBXResourcesBuildPhase;
			buildActionMask = 2147483647;
			files = (
				525ACD7615F0F1A700534E7D /* InfoPlist.strings in Resources */,
			);
			runOnlyForDeploymentPostprocessing = 0;
		};
/* End PBXResourcesBuildPhase section */

/* Begin PBXShellScriptBuildPhase section */
		525ACD6915F0F1A700534E7D /* ShellScript */ = {
			isa = PBXShellScriptBuildPhase;
			buildActionMask = 2147483647;
			files = (
			);
			inputPaths = (
			);
			outputPaths = (
			);
			runOnlyForDeploymentPostprocessing = 0;
			shellPath = /bin/sh;
			shellScript = "# Run the unit tests in this test bundle.\n\"${SYSTEM_DEVELOPER_DIR}/Tools/RunUnitTests\"\n";
		};
/* End PBXShellScriptBuildPhase section */

/* Begin PBXSourcesBuildPhase section */
		525ACD4315F0F1A700534E7D /* Sources */ = {
			isa = PBXSourcesBuildPhase;
			buildActionMask = 2147483647;
			files = (
				525ACD5815F0F1A700534E7D /* main.m in Sources */,
				525ACD5F15F0F1A700534E7D /* GLLDocument.m in Sources */,
				525ACD8415F0F33700534E7D /* GLLModel.m in Sources */,
				525ACD8715F0F3ED00534E7D /* GLLMesh.m in Sources */,
				529692CC15F1568200DF2FA3 /* TRInDataStream.m in Sources */,
				529692CD15F1568200DF2FA3 /* TROutDataStream.m in Sources */,
				529692D415F24EF100DF2FA3 /* GLLBone.m in Sources */,
				529692DA15F2625200DF2FA3 /* GLLItem.m in Sources */,
				529692DD15F2759400DF2FA3 /* GLLBoneTransformation.m in Sources */,
				529692E315F2861E00DF2FA3 /* GLLMeshDrawer.m in Sources */,
				529692E915F28BFB00DF2FA3 /* GLLTexture.m in Sources */,
				529692F015F28D0F00DF2FA3 /* OpenDDSFile.c in Sources */,
				529693F215F2A77F00DF2FA3 /* GLLModelParams.m in Sources */,
				529693F515F2B58B00DF2FA3 /* GLLASCIIScanner.m in Sources */,
				5296940115F3881B00DF2FA3 /* GLLProgram.m in Sources */,
				5296940415F3893200DF2FA3 /* GLLShader.m in Sources */,
				5296942415F411CC00DF2FA3 /* GLLModelDrawer.m in Sources */,
				5296942815F4139300DF2FA3 /* GLLItemDrawer.m in Sources */,
				5296942B15F4174F00DF2FA3 /* GLLSceneDrawer.m in Sources */,
				5296943515F421D900DF2FA3 /* simd_matrix.c in Sources */,
				5296943615F421D900DF2FA3 /* simd_project.c in Sources */,
				5296943A15F4CC3400DF2FA3 /* GLLMeshSplitter.m in Sources */,
				5296944915F565D100DF2FA3 /* GLLResourceManager.m in Sources */,
				5296945415F60F3E00DF2FA3 /* GLLView.m in Sources */,
				5296945A15F6C84900DF2FA3 /* GLLShaderDescriptor.m in Sources */,
				5296946515F7B28300DF2FA3 /* GLLRenderWindowController.m in Sources */,
				5296946915F7DAA300DF2FA3 /* GLLDocumentWindowController.m in Sources */,
				5296947315F7FB3300DF2FA3 /* GLLMeshSettings.m in Sources */,
				5296947815F80F4800DF2FA3 /* GLLBoneTransformViewController.m in Sources */,
				52D6A09715F8B0F7002A0BB4 /* GLLMeshSettingsViewController.m in Sources */,
				52D6A09D15F8BAB0002A0BB4 /* GLLTransformedMeshDrawer.m in Sources */,
				52BB217D15F972AB00937450 /* GLLSceneModel.xcdatamodeld in Sources */,
				5224C8E615FA4F18002A6C76 /* GLLDirectionalLight.m in Sources */,
				5224C8EE15FA8FB0002A6C76 /* GLLAngleRangeValueTransformer.m in Sources */,
				5291DB9415FBF7BE00ECDBCA /* GLLAmbientLight.m in Sources */,
				52BB21C815FC732A00937450 /* GLLRenderParameter.m in Sources */,
				52BB21CD15FC7B8D00937450 /* GLLRenderParameterDescription.m in Sources */,
				52AF115615FCD4A000DF2565 /* GLLCameraTarget.m in Sources */,
				52BB21DB15FCF02200937450 /* GLLCamera.m in Sources */,
				52C9F60E15FF1753003272E1 /* GLLItemViewController.m in Sources */,
			);
			runOnlyForDeploymentPostprocessing = 0;
		};
		525ACD6615F0F1A700534E7D /* Sources */ = {
			isa = PBXSourcesBuildPhase;
			buildActionMask = 2147483647;
			files = (
				525ACD7915F0F1A700534E7D /* GLLaraTests.m in Sources */,
			);
			runOnlyForDeploymentPostprocessing = 0;
		};
/* End PBXSourcesBuildPhase section */

/* Begin PBXTargetDependency section */
		525ACD7015F0F1A700534E7D /* PBXTargetDependency */ = {
			isa = PBXTargetDependency;
			target = 525ACD4615F0F1A700534E7D /* GLLara */;
			targetProxy = 525ACD6F15F0F1A700534E7D /* PBXContainerItemProxy */;
		};
/* End PBXTargetDependency section */

/* Begin PBXVariantGroup section */
		525ACD5415F0F1A700534E7D /* InfoPlist.strings */ = {
			isa = PBXVariantGroup;
			children = (
				525ACD5515F0F1A700534E7D /* en */,
			);
			name = InfoPlist.strings;
			sourceTree = "<group>";
		};
		525ACD5A15F0F1A700534E7D /* Credits.rtf */ = {
			isa = PBXVariantGroup;
			children = (
				525ACD5B15F0F1A700534E7D /* en */,
			);
			name = Credits.rtf;
			sourceTree = "<group>";
		};
		525ACD6015F0F1A700534E7D /* GLLDocument.xib */ = {
			isa = PBXVariantGroup;
			children = (
				525ACD6115F0F1A700534E7D /* en */,
			);
			name = GLLDocument.xib;
			sourceTree = "<group>";
		};
		525ACD6315F0F1A700534E7D /* MainMenu.xib */ = {
			isa = PBXVariantGroup;
			children = (
				525ACD6415F0F1A700534E7D /* en */,
			);
			name = MainMenu.xib;
			sourceTree = "<group>";
		};
		525ACD7415F0F1A700534E7D /* InfoPlist.strings */ = {
			isa = PBXVariantGroup;
			children = (
				525ACD7515F0F1A700534E7D /* en */,
			);
			name = InfoPlist.strings;
			sourceTree = "<group>";
		};
/* End PBXVariantGroup section */

/* Begin XCBuildConfiguration section */
		525ACD7A15F0F1A700534E7D /* Debug */ = {
			isa = XCBuildConfiguration;
			buildSettings = {
				ALWAYS_SEARCH_USER_PATHS = NO;
				ARCHS = "$(ARCHS_STANDARD_64_BIT)";
				CLANG_CXX_LANGUAGE_STANDARD = "gnu++0x";
				CLANG_ENABLE_OBJC_ARC = YES;
				CLANG_WARN__DUPLICATE_METHOD_MATCH = YES;
				COPY_PHASE_STRIP = NO;
				GCC_C_LANGUAGE_STANDARD = gnu99;
				GCC_DYNAMIC_NO_PIC = NO;
				GCC_ENABLE_OBJC_EXCEPTIONS = YES;
				GCC_OPTIMIZATION_LEVEL = 0;
				GCC_PREPROCESSOR_DEFINITIONS = (
					"DEBUG=1",
					"$(inherited)",
				);
				GCC_SYMBOLS_PRIVATE_EXTERN = NO;
				GCC_TREAT_WARNINGS_AS_ERRORS = YES;
				GCC_WARN_64_TO_32_BIT_CONVERSION = YES;
				GCC_WARN_ABOUT_RETURN_TYPE = YES;
				GCC_WARN_UNINITIALIZED_AUTOS = YES;
				GCC_WARN_UNUSED_VARIABLE = YES;
				MACOSX_DEPLOYMENT_TARGET = 10.8;
				ONLY_ACTIVE_ARCH = YES;
				SDKROOT = macosx;
				WARNING_CFLAGS = (
					"-Wextra",
					"-Wall",
					"-Wno-unused-parameter",
					"-Wno-semicolon-before-method-body",
				);
			};
			name = Debug;
		};
		525ACD7B15F0F1A700534E7D /* Release */ = {
			isa = XCBuildConfiguration;
			buildSettings = {
				ALWAYS_SEARCH_USER_PATHS = NO;
				ARCHS = "$(ARCHS_STANDARD_64_BIT)";
				CLANG_CXX_LANGUAGE_STANDARD = "gnu++0x";
				CLANG_ENABLE_OBJC_ARC = YES;
				CLANG_WARN__DUPLICATE_METHOD_MATCH = YES;
				COPY_PHASE_STRIP = YES;
				DEBUG_INFORMATION_FORMAT = "dwarf-with-dsym";
				GCC_C_LANGUAGE_STANDARD = gnu99;
				GCC_ENABLE_OBJC_EXCEPTIONS = YES;
				GCC_TREAT_WARNINGS_AS_ERRORS = YES;
				GCC_WARN_64_TO_32_BIT_CONVERSION = YES;
				GCC_WARN_ABOUT_RETURN_TYPE = YES;
				GCC_WARN_UNINITIALIZED_AUTOS = YES;
				GCC_WARN_UNUSED_VARIABLE = YES;
				MACOSX_DEPLOYMENT_TARGET = 10.8;
				SDKROOT = macosx;
				WARNING_CFLAGS = (
					"-Wextra",
					"-Wall",
					"-Wno-unused-parameter",
					"-Wno-semicolon-before-method-body",
				);
			};
			name = Release;
		};
		525ACD7D15F0F1A700534E7D /* Debug */ = {
			isa = XCBuildConfiguration;
			buildSettings = {
				COMBINE_HIDPI_IMAGES = YES;
				INFOPLIST_FILE = "GLLara/GLLara-Info.plist";
				PRODUCT_NAME = "$(TARGET_NAME)";
				WRAPPER_EXTENSION = app;
			};
			name = Debug;
		};
		525ACD7E15F0F1A700534E7D /* Release */ = {
			isa = XCBuildConfiguration;
			buildSettings = {
				COMBINE_HIDPI_IMAGES = YES;
				INFOPLIST_FILE = "GLLara/GLLara-Info.plist";
				PRODUCT_NAME = "$(TARGET_NAME)";
				WRAPPER_EXTENSION = app;
			};
			name = Release;
		};
		525ACD8015F0F1A700534E7D /* Debug */ = {
			isa = XCBuildConfiguration;
			buildSettings = {
				BUNDLE_LOADER = "$(BUILT_PRODUCTS_DIR)/GLLara.app/Contents/MacOS/GLLara";
				COMBINE_HIDPI_IMAGES = YES;
				FRAMEWORK_SEARCH_PATHS = "\"$(DEVELOPER_LIBRARY_DIR)/Frameworks\"";
				INFOPLIST_FILE = "GLLaraTests/GLLaraTests-Info.plist";
				PRODUCT_NAME = "$(TARGET_NAME)";
				TEST_HOST = "$(BUNDLE_LOADER)";
				WRAPPER_EXTENSION = octest;
			};
			name = Debug;
		};
		525ACD8115F0F1A700534E7D /* Release */ = {
			isa = XCBuildConfiguration;
			buildSettings = {
				BUNDLE_LOADER = "$(BUILT_PRODUCTS_DIR)/GLLara.app/Contents/MacOS/GLLara";
				COMBINE_HIDPI_IMAGES = YES;
				FRAMEWORK_SEARCH_PATHS = "\"$(DEVELOPER_LIBRARY_DIR)/Frameworks\"";
				INFOPLIST_FILE = "GLLaraTests/GLLaraTests-Info.plist";
				PRODUCT_NAME = "$(TARGET_NAME)";
				TEST_HOST = "$(BUNDLE_LOADER)";
				WRAPPER_EXTENSION = octest;
			};
			name = Release;
		};
/* End XCBuildConfiguration section */

/* Begin XCConfigurationList section */
		525ACD4115F0F1A700534E7D /* Build configuration list for PBXProject "GLLara" */ = {
			isa = XCConfigurationList;
			buildConfigurations = (
				525ACD7A15F0F1A700534E7D /* Debug */,
				525ACD7B15F0F1A700534E7D /* Release */,
			);
			defaultConfigurationIsVisible = 0;
			defaultConfigurationName = Release;
		};
		525ACD7C15F0F1A700534E7D /* Build configuration list for PBXNativeTarget "GLLara" */ = {
			isa = XCConfigurationList;
			buildConfigurations = (
				525ACD7D15F0F1A700534E7D /* Debug */,
				525ACD7E15F0F1A700534E7D /* Release */,
			);
			defaultConfigurationIsVisible = 0;
			defaultConfigurationName = Release;
		};
		525ACD7F15F0F1A700534E7D /* Build configuration list for PBXNativeTarget "GLLaraTests" */ = {
			isa = XCConfigurationList;
			buildConfigurations = (
				525ACD8015F0F1A700534E7D /* Debug */,
				525ACD8115F0F1A700534E7D /* Release */,
			);
			defaultConfigurationIsVisible = 0;
			defaultConfigurationName = Release;
		};
/* End XCConfigurationList section */

/* Begin XCVersionGroup section */
		52BB217B15F972AB00937450 /* GLLSceneModel.xcdatamodeld */ = {
			isa = XCVersionGroup;
			children = (
				52BB217C15F972AB00937450 /* GLLSceneModel.xcdatamodel */,
			);
			currentVersion = 52BB217C15F972AB00937450 /* GLLSceneModel.xcdatamodel */;
			name = GLLSceneModel.xcdatamodeld;
			path = "Core Data/GLLSceneModel.xcdatamodeld";
			sourceTree = "<group>";
			versionGroupType = wrapper.xcdatamodel;
		};
/* End XCVersionGroup section */
	};
	rootObject = 525ACD3E15F0F1A700534E7D /* Project object */;
}
